# This file is automatically @generated by Cargo.
# It is not intended for manual editing.
version = 4

[[package]]
name = "cafft"
version = "0.1.0"
dependencies = [
 "fff",
]

[[package]]
name = "fff"
version = "0.1.0"
source = "git+https://github.com/nanithefkuc/fff.git#fac917fba090b2f969c6f3d86a3ef2a901d8ca86"
